
Microsoft Visual Studio Solution File, Format Version 12.00
# Visual Studio 14
VisualStudioVersion = 14.0.25420.1
MinimumVisualStudioVersion = 10.0.40219.1
Project("{FAE04EC0-301F-11D3-BF4B-00C04F79EFBC}") = "Dominio", "Dominio\Dominio.csproj", "{B4ECB037-8814-446C-8C9E-AEB28C1CF882}"
EndProject
Project("{FAE04EC0-301F-11D3-BF4B-00C04F79EFBC}") = "ConsoleAppObligatorioP3", "ConsoleAppObligatorioP3\ConsoleAppObligatorioP3.csproj", "{5FD1F404-F896-4511-9179-D3FD5E99FC5C}"
	ProjectSection(ProjectDependencies) = postProject
		{F093A15C-A865-4A43-8913-C3B9D488096C} = {F093A15C-A865-4A43-8913-C3B9D488096C}
	EndProjectSection
EndProject
Project("{FAE04EC0-301F-11D3-BF4B-00C04F79EFBC}") = "InterfazWeb", "InterfazWeb\InterfazWeb.csproj", "{FB7F9771-CE17-4820-9401-CD3A6B4C81BC}"
	ProjectSection(ProjectDependencies) = postProject
		{F093A15C-A865-4A43-8913-C3B9D488096C} = {F093A15C-A865-4A43-8913-C3B9D488096C}
	EndProjectSection
EndProject
Project("{FAE04EC0-301F-11D3-BF4B-00C04F79EFBC}") = "ServiciosObligatorioWCF", "ServiciosObligatorioWCF\ServiciosObligatorioWCF.csproj", "{F093A15C-A865-4A43-8913-C3B9D488096C}"
EndProject
Project("{FAE04EC0-301F-11D3-BF4B-00C04F79EFBC}") = "CapaFachada", "CapaFachada\CapaFachada.csproj", "{6E543A27-FF30-469C-9F4A-69331F3D656A}"
EndProject
Global
	GlobalSection(SolutionConfigurationPlatforms) = preSolution
		Debug|Any CPU = Debug|Any CPU
		Release|Any CPU = Release|Any CPU
	EndGlobalSection
	GlobalSection(ProjectConfigurationPlatforms) = postSolution
		{B4ECB037-8814-446C-8C9E-AEB28C1CF882}.Debug|Any CPU.ActiveCfg = Debug|Any CPU
		{B4ECB037-8814-446C-8C9E-AEB28C1CF882}.Debug|Any CPU.Build.0 = Debug|Any CPU
		{B4ECB037-8814-446C-8C9E-AEB28C1CF882}.Release|Any CPU.ActiveCfg = Release|Any CPU
		{B4ECB037-8814-446C-8C9E-AEB28C1CF882}.Release|Any CPU.Build.0 = Release|Any CPU
		{5FD1F404-F896-4511-9179-D3FD5E99FC5C}.Debug|Any CPU.ActiveCfg = Debug|Any CPU
		{5FD1F404-F896-4511-9179-D3FD5E99FC5C}.Debug|Any CPU.Build.0 = Debug|Any CPU
		{5FD1F404-F896-4511-9179-D3FD5E99FC5C}.Release|Any CPU.ActiveCfg = Release|Any CPU
		{5FD1F404-F896-4511-9179-D3FD5E99FC5C}.Release|Any CPU.Build.0 = Release|Any CPU
		{FB7F9771-CE17-4820-9401-CD3A6B4C81BC}.Debug|Any CPU.ActiveCfg = Debug|Any CPU
		{FB7F9771-CE17-4820-9401-CD3A6B4C81BC}.Debug|Any CPU.Build.0 = Debug|Any CPU
		{FB7F9771-CE17-4820-9401-CD3A6B4C81BC}.Release|Any CPU.ActiveCfg = Release|Any CPU
		{FB7F9771-CE17-4820-9401-CD3A6B4C81BC}.Release|Any CPU.Build.0 = Release|Any CPU
		{F093A15C-A865-4A43-8913-C3B9D488096C}.Debug|Any CPU.ActiveCfg = Debug|Any CPU
		{F093A15C-A865-4A43-8913-C3B9D488096C}.Debug|Any CPU.Build.0 = Debug|Any CPU
		{F093A15C-A865-4A43-8913-C3B9D488096C}.Release|Any CPU.ActiveCfg = Release|Any CPU
		{F093A15C-A865-4A43-8913-C3B9D488096C}.Release|Any CPU.Build.0 = Release|Any CPU
		{6E543A27-FF30-469C-9F4A-69331F3D656A}.Debug|Any CPU.ActiveCfg = Debug|Any CPU
		{6E543A27-FF30-469C-9F4A-69331F3D656A}.Debug|Any CPU.Build.0 = Debug|Any CPU
		{6E543A27-FF30-469C-9F4A-69331F3D656A}.Release|Any CPU.ActiveCfg = Release|Any CPU
		{6E543A27-FF30-469C-9F4A-69331F3D656A}.Release|Any CPU.Build.0 = Release|Any CPU
	EndGlobalSection
	GlobalSection(SolutionProperties) = preSolution
		HideSolutionNode = FALSE
	EndGlobalSection
EndGlobal
